// !$*UTF8*$!
{
	archiveVersion = 1;
	classes = {
	};
	objectVersion = 56;
	objects = {

/* Begin PBXBuildFile section */
		1378CB842AF56E24009C1044 /* RealityKitContent in Frameworks */ = {isa = PBXBuildFile; productRef = 1378CB832AF56E24009C1044 /* RealityKitContent */; };
		1378CB862AF56E24009C1044 /* Culinary_CompanionApp.swift in Sources */ = {isa = PBXBuildFile; fileRef = 1378CB852AF56E24009C1044 /* Culinary_CompanionApp.swift */; };
		1378CB882AF56E24009C1044 /* ContentView.swift in Sources */ = {isa = PBXBuildFile; fileRef = 1378CB872AF56E24009C1044 /* ContentView.swift */; };
		1378CB8A2AF56E24009C1044 /* ImmersiveView.swift in Sources */ = {isa = PBXBuildFile; fileRef = 1378CB892AF56E24009C1044 /* ImmersiveView.swift */; };
		1378CB8C2AF56E25009C1044 /* Assets.xcassets in Resources */ = {isa = PBXBuildFile; fileRef = 1378CB8B2AF56E25009C1044 /* Assets.xcassets */; };
		1378CB8F2AF56E25009C1044 /* Preview Assets.xcassets in Resources */ = {isa = PBXBuildFile; fileRef = 1378CB8E2AF56E25009C1044 /* Preview Assets.xcassets */; };
		1378CBA02AF572CE009C1044 /* BGVideo.swift in Sources */ = {isa = PBXBuildFile; fileRef = 1378CB9F2AF572CE009C1044 /* BGVideo.swift */; };
		1378CBA22AF5738D009C1044 /* intro-bg.mp4 in Resources */ = {isa = PBXBuildFile; fileRef = 1378CBA12AF5738D009C1044 /* intro-bg.mp4 */; };
		1378CBA52AF574AF009C1044 /* ContentViewBackup.swift in Sources */ = {isa = PBXBuildFile; fileRef = 1378CBA42AF574AF009C1044 /* ContentViewBackup.swift */; };
		1378CBA82AF57535009C1044 /* Intro.swift in Sources */ = {isa = PBXBuildFile; fileRef = 1378CBA72AF57535009C1044 /* Intro.swift */; };
		1378CBAB2AF57589009C1044 /* CategoryRecipes.swift in Sources */ = {isa = PBXBuildFile; fileRef = 1378CBAA2AF57589009C1044 /* CategoryRecipes.swift */; };
		1378CBAD2AF575AB009C1044 /* Recipe.swift in Sources */ = {isa = PBXBuildFile; fileRef = 1378CBAC2AF575AB009C1044 /* Recipe.swift */; };
		1378CBAF2AF575CF009C1044 /* RecipeIngredients.swift in Sources */ = {isa = PBXBuildFile; fileRef = 1378CBAE2AF575CF009C1044 /* RecipeIngredients.swift */; };
		1378CBB12AF57605009C1044 /* RecipeSteps.swift in Sources */ = {isa = PBXBuildFile; fileRef = 1378CBB02AF57605009C1044 /* RecipeSteps.swift */; };
		1378CBB32AF57689009C1044 /* OvenTimer.swift in Sources */ = {isa = PBXBuildFile; fileRef = 1378CBB22AF57689009C1044 /* OvenTimer.swift */; };
		13BA76342B21A01A002FFCF0 /* Tutorials.swift in Sources */ = {isa = PBXBuildFile; fileRef = 13BA76332B21A01A002FFCF0 /* Tutorials.swift */; };
		13BA76372B21A169002FFCF0 /* Community.swift in Sources */ = {isa = PBXBuildFile; fileRef = 13BA76362B21A169002FFCF0 /* Community.swift */; };
		13BA76392B21A4DD002FFCF0 /* milk.usdz in Resources */ = {isa = PBXBuildFile; fileRef = 13BA76382B21A4DD002FFCF0 /* milk.usdz */; };
		13BA763C2B21C498002FFCF0 /* RecipesMainView.swift in Sources */ = {isa = PBXBuildFile; fileRef = 13BA763B2B21C498002FFCF0 /* RecipesMainView.swift */; };
		13BA763E2B21C873002FFCF0 /* ChefView.swift in Sources */ = {isa = PBXBuildFile; fileRef = 13BA763D2B21C873002FFCF0 /* ChefView.swift */; };
		13BA76432B21D54C002FFCF0 /* RamsayVideo.swift in Sources */ = {isa = PBXBuildFile; fileRef = 13BA76422B21D54C002FFCF0 /* RamsayVideo.swift */; };
		13BA76452B21D85D002FFCF0 /* gramsay.mp4 in Resources */ = {isa = PBXBuildFile; fileRef = 13BA76442B21D85D002FFCF0 /* gramsay.mp4 */; };
		13BA76472B22A4F1002FFCF0 /* beer.usdz in Resources */ = {isa = PBXBuildFile; fileRef = 13BA76462B22A4F1002FFCF0 /* beer.usdz */; };
		13BA76492B22A563002FFCF0 /* sauce.usdz in Resources */ = {isa = PBXBuildFile; fileRef = 13BA76482B22A563002FFCF0 /* sauce.usdz */; };
		13BA764B2B22A5D4002FFCF0 /* cheese.usdz in Resources */ = {isa = PBXBuildFile; fileRef = 13BA764A2B22A5D4002FFCF0 /* cheese.usdz */; };
		13BA764D2B22A5F8002FFCF0 /* arugula.usdz in Resources */ = {isa = PBXBuildFile; fileRef = 13BA764C2B22A5F8002FFCF0 /* arugula.usdz */; };
		13BA764F2B22B5FD002FFCF0 /* pizza.usdz in Resources */ = {isa = PBXBuildFile; fileRef = 13BA764E2B22B5FD002FFCF0 /* pizza.usdz */; };
/* End PBXBuildFile section */

/* Begin PBXFileReference section */
		1378CB7E2AF56E24009C1044 /* Culinary Companion.app */ = {isa = PBXFileReference; explicitFileType = wrapper.application; includeInIndex = 0; path = "Culinary Companion.app"; sourceTree = BUILT_PRODUCTS_DIR; };
		1378CB822AF56E24009C1044 /* RealityKitContent */ = {isa = PBXFileReference; lastKnownFileType = wrapper; path = RealityKitContent; sourceTree = "<group>"; };
		1378CB852AF56E24009C1044 /* Culinary_CompanionApp.swift */ = {isa = PBXFileReference; lastKnownFileType = sourcecode.swift; path = Culinary_CompanionApp.swift; sourceTree = "<group>"; };
		1378CB872AF56E24009C1044 /* ContentView.swift */ = {isa = PBXFileReference; lastKnownFileType = sourcecode.swift; path = ContentView.swift; sourceTree = "<group>"; };
		1378CB892AF56E24009C1044 /* ImmersiveView.swift */ = {isa = PBXFileReference; lastKnownFileType = sourcecode.swift; path = ImmersiveView.swift; sourceTree = "<group>"; };
		1378CB8B2AF56E25009C1044 /* Assets.xcassets */ = {isa = PBXFileReference; lastKnownFileType = folder.assetcatalog; path = Assets.xcassets; sourceTree = "<group>"; };
		1378CB8E2AF56E25009C1044 /* Preview Assets.xcassets */ = {isa = PBXFileReference; lastKnownFileType = folder.assetcatalog; path = "Preview Assets.xcassets"; sourceTree = "<group>"; };
		1378CB902AF56E25009C1044 /* Info.plist */ = {isa = PBXFileReference; lastKnownFileType = text.plist.xml; path = Info.plist; sourceTree = "<group>"; };
		1378CB9F2AF572CE009C1044 /* BGVideo.swift */ = {isa = PBXFileReference; lastKnownFileType = sourcecode.swift; path = BGVideo.swift; sourceTree = "<group>"; };
		1378CBA12AF5738D009C1044 /* intro-bg.mp4 */ = {isa = PBXFileReference; lastKnownFileType = file; path = "intro-bg.mp4"; sourceTree = "<group>"; };
		1378CBA42AF574AF009C1044 /* ContentViewBackup.swift */ = {isa = PBXFileReference; lastKnownFileType = sourcecode.swift; path = ContentViewBackup.swift; sourceTree = "<group>"; };
		1378CBA72AF57535009C1044 /* Intro.swift */ = {isa = PBXFileReference; lastKnownFileType = sourcecode.swift; path = Intro.swift; sourceTree = "<group>"; };
		1378CBAA2AF57589009C1044 /* CategoryRecipes.swift */ = {isa = PBXFileReference; lastKnownFileType = sourcecode.swift; path = CategoryRecipes.swift; sourceTree = "<group>"; };
		1378CBAC2AF575AB009C1044 /* Recipe.swift */ = {isa = PBXFileReference; lastKnownFileType = sourcecode.swift; path = Recipe.swift; sourceTree = "<group>"; };
		1378CBAE2AF575CF009C1044 /* RecipeIngredients.swift */ = {isa = PBXFileReference; lastKnownFileType = sourcecode.swift; path = RecipeIngredients.swift; sourceTree = "<group>"; };
		1378CBB02AF57605009C1044 /* RecipeSteps.swift */ = {isa = PBXFileReference; lastKnownFileType = sourcecode.swift; path = RecipeSteps.swift; sourceTree = "<group>"; };
		1378CBB22AF57689009C1044 /* OvenTimer.swift */ = {isa = PBXFileReference; lastKnownFileType = sourcecode.swift; path = OvenTimer.swift; sourceTree = "<group>"; };
		13BA76332B21A01A002FFCF0 /* Tutorials.swift */ = {isa = PBXFileReference; lastKnownFileType = sourcecode.swift; path = Tutorials.swift; sourceTree = "<group>"; };
		13BA76362B21A169002FFCF0 /* Community.swift */ = {isa = PBXFileReference; lastKnownFileType = sourcecode.swift; path = Community.swift; sourceTree = "<group>"; };
		13BA76382B21A4DD002FFCF0 /* milk.usdz */ = {isa = PBXFileReference; lastKnownFileType = file.usdz; path = milk.usdz; sourceTree = "<group>"; };
		13BA763B2B21C498002FFCF0 /* RecipesMainView.swift */ = {isa = PBXFileReference; lastKnownFileType = sourcecode.swift; path = RecipesMainView.swift; sourceTree = "<group>"; };
		13BA763D2B21C873002FFCF0 /* ChefView.swift */ = {isa = PBXFileReference; lastKnownFileType = sourcecode.swift; path = ChefView.swift; sourceTree = "<group>"; };
		13BA76422B21D54C002FFCF0 /* RamsayVideo.swift */ = {isa = PBXFileReference; lastKnownFileType = sourcecode.swift; path = RamsayVideo.swift; sourceTree = "<group>"; };
		13BA76442B21D85D002FFCF0 /* gramsay.mp4 */ = {isa = PBXFileReference; lastKnownFileType = file; path = gramsay.mp4; sourceTree = "<group>"; };
		13BA76462B22A4F1002FFCF0 /* beer.usdz */ = {isa = PBXFileReference; lastKnownFileType = file.usdz; path = beer.usdz; sourceTree = "<group>"; };
		13BA76482B22A563002FFCF0 /* sauce.usdz */ = {isa = PBXFileReference; lastKnownFileType = file.usdz; path = sauce.usdz; sourceTree = "<group>"; };
		13BA764A2B22A5D4002FFCF0 /* cheese.usdz */ = {isa = PBXFileReference; lastKnownFileType = file.usdz; path = cheese.usdz; sourceTree = "<group>"; };
		13BA764C2B22A5F8002FFCF0 /* arugula.usdz */ = {isa = PBXFileReference; lastKnownFileType = file.usdz; path = arugula.usdz; sourceTree = "<group>"; };
		13BA764E2B22B5FD002FFCF0 /* pizza.usdz */ = {isa = PBXFileReference; lastKnownFileType = file.usdz; path = pizza.usdz; sourceTree = "<group>"; };
/* End PBXFileReference section */

/* Begin PBXFrameworksBuildPhase section */
		1378CB7B2AF56E24009C1044 /* Frameworks */ = {
			isa = PBXFrameworksBuildPhase;
			buildActionMask = 2147483647;
			files = (
				1378CB842AF56E24009C1044 /* RealityKitContent in Frameworks */,
			);
			runOnlyForDeploymentPostprocessing = 0;
		};
/* End PBXFrameworksBuildPhase section */

/* Begin PBXGroup section */
		1378CB752AF56E24009C1044 = {
			isa = PBXGroup;
			children = (
				1378CB802AF56E24009C1044 /* Culinary Companion */,
				1378CB812AF56E24009C1044 /* Packages */,
				1378CB7F2AF56E24009C1044 /* Products */,
			);
			sourceTree = "<group>";
		};
		1378CB7F2AF56E24009C1044 /* Products */ = {
			isa = PBXGroup;
			children = (
				1378CB7E2AF56E24009C1044 /* Culinary Companion.app */,
			);
			name = Products;
			sourceTree = "<group>";
		};
		1378CB802AF56E24009C1044 /* Culinary Companion */ = {
			isa = PBXGroup;
			children = (
				13BA763A2B21AD7C002FFCF0 /* Models */,
				1378CB852AF56E24009C1044 /* Culinary_CompanionApp.swift */,
				1378CB872AF56E24009C1044 /* ContentView.swift */,
				1378CBA42AF574AF009C1044 /* ContentViewBackup.swift */,
				1378CBA62AF57512009C1044 /* Modules */,
				13BA76352B21A156002FFCF0 /* Community */,
				1378CBA92AF5756F009C1044 /* Recipes */,
				13BA76322B219FF6002FFCF0 /* Tutorials */,
				1378CBA32AF5739E009C1044 /* Assets */,
				1378CB9E2AF572B3009C1044 /* Helpers */,
				1378CB892AF56E24009C1044 /* ImmersiveView.swift */,
				1378CB902AF56E25009C1044 /* Info.plist */,
				1378CB8D2AF56E25009C1044 /* Preview Content */,
			);
			path = "Culinary Companion";
			sourceTree = "<group>";
		};
		1378CB812AF56E24009C1044 /* Packages */ = {
			isa = PBXGroup;
			children = (
				1378CB822AF56E24009C1044 /* RealityKitContent */,
			);
			path = Packages;
			sourceTree = "<group>";
		};
		1378CB8D2AF56E25009C1044 /* Preview Content */ = {
			isa = PBXGroup;
			children = (
				1378CB8E2AF56E25009C1044 /* Preview Assets.xcassets */,
			);
			path = "Preview Content";
			sourceTree = "<group>";
		};
		1378CB9E2AF572B3009C1044 /* Helpers */ = {
			isa = PBXGroup;
			children = (
				1378CB9F2AF572CE009C1044 /* BGVideo.swift */,
				1378CBB22AF57689009C1044 /* OvenTimer.swift */,
				13BA76422B21D54C002FFCF0 /* RamsayVideo.swift */,
			);
			path = Helpers;
			sourceTree = "<group>";
		};
		1378CBA32AF5739E009C1044 /* Assets */ = {
			isa = PBXGroup;
			children = (
				1378CB8B2AF56E25009C1044 /* Assets.xcassets */,
				13BA76442B21D85D002FFCF0 /* gramsay.mp4 */,
				1378CBA12AF5738D009C1044 /* intro-bg.mp4 */,
				13BA76382B21A4DD002FFCF0 /* milk.usdz */,
				13BA76462B22A4F1002FFCF0 /* beer.usdz */,
				13BA764E2B22B5FD002FFCF0 /* pizza.usdz */,
				13BA76482B22A563002FFCF0 /* sauce.usdz */,
				13BA764A2B22A5D4002FFCF0 /* cheese.usdz */,
				13BA764C2B22A5F8002FFCF0 /* arugula.usdz */,
			);
			path = Assets;
			sourceTree = "<group>";
		};
		1378CBA62AF57512009C1044 /* Modules */ = {
			isa = PBXGroup;
			children = (
				1378CBA72AF57535009C1044 /* Intro.swift */,
			);
			path = Modules;
			sourceTree = "<group>";
		};
		1378CBA92AF5756F009C1044 /* Recipes */ = {
			isa = PBXGroup;
			children = (
				13BA763B2B21C498002FFCF0 /* RecipesMainView.swift */,
				1378CBAA2AF57589009C1044 /* CategoryRecipes.swift */,
				1378CBAC2AF575AB009C1044 /* Recipe.swift */,
				13BA763D2B21C873002FFCF0 /* ChefView.swift */,
				1378CBAE2AF575CF009C1044 /* RecipeIngredients.swift */,
				1378CBB02AF57605009C1044 /* RecipeSteps.swift */,
			);
			path = Recipes;
			sourceTree = "<group>";
		};
		13BA76322B219FF6002FFCF0 /* Tutorials */ = {
			isa = PBXGroup;
			children = (
				13BA76332B21A01A002FFCF0 /* Tutorials.swift */,
			);
			path = Tutorials;
			sourceTree = "<group>";
		};
		13BA76352B21A156002FFCF0 /* Community */ = {
			isa = PBXGroup;
			children = (
				13BA76362B21A169002FFCF0 /* Community.swift */,
			);
			path = Community;
			sourceTree = "<group>";
		};
		13BA763A2B21AD7C002FFCF0 /* Models */ = {
			isa = PBXGroup;
			children = (
			);
			path = Models;
			sourceTree = "<group>";
		};
/* End PBXGroup section */

/* Begin PBXNativeTarget section */
		1378CB7D2AF56E24009C1044 /* Culinary Companion */ = {
			isa = PBXNativeTarget;
			buildConfigurationList = 1378CB932AF56E25009C1044 /* Build configuration list for PBXNativeTarget "Culinary Companion" */;
			buildPhases = (
				1378CB7A2AF56E24009C1044 /* Sources */,
				1378CB7B2AF56E24009C1044 /* Frameworks */,
				1378CB7C2AF56E24009C1044 /* Resources */,
			);
			buildRules = (
			);
			dependencies = (
			);
			name = "Culinary Companion";
			packageProductDependencies = (
				1378CB832AF56E24009C1044 /* RealityKitContent */,
			);
			productName = "Culinary Companion";
			productReference = 1378CB7E2AF56E24009C1044 /* Culinary Companion.app */;
			productType = "com.apple.product-type.application";
		};
/* End PBXNativeTarget section */

/* Begin PBXProject section */
		1378CB762AF56E24009C1044 /* Project object */ = {
			isa = PBXProject;
			attributes = {
				BuildIndependentTargetsInParallel = 1;
				LastSwiftUpdateCheck = 1510;
				LastUpgradeCheck = 1510;
				TargetAttributes = {
					1378CB7D2AF56E24009C1044 = {
						CreatedOnToolsVersion = 15.1;
					};
				};
			};
			buildConfigurationList = 1378CB792AF56E24009C1044 /* Build configuration list for PBXProject "Culinary Companion" */;
			compatibilityVersion = "Xcode 14.0";
			developmentRegion = en;
			hasScannedForEncodings = 0;
			knownRegions = (
				en,
				Base,
			);
			mainGroup = 1378CB752AF56E24009C1044;
			productRefGroup = 1378CB7F2AF56E24009C1044 /* Products */;
			projectDirPath = "";
			projectRoot = "";
			targets = (
				1378CB7D2AF56E24009C1044 /* Culinary Companion */,
			);
		};
/* End PBXProject section */

/* Begin PBXResourcesBuildPhase section */
		1378CB7C2AF56E24009C1044 /* Resources */ = {
			isa = PBXResourcesBuildPhase;
			buildActionMask = 2147483647;
			files = (
				1378CB8F2AF56E25009C1044 /* Preview Assets.xcassets in Resources */,
				1378CB8C2AF56E25009C1044 /* Assets.xcassets in Resources */,
				13BA76392B21A4DD002FFCF0 /* milk.usdz in Resources */,
				13BA76492B22A563002FFCF0 /* sauce.usdz in Resources */,
				13BA764D2B22A5F8002FFCF0 /* arugula.usdz in Resources */,
				13BA764B2B22A5D4002FFCF0 /* cheese.usdz in Resources */,
				13BA76472B22A4F1002FFCF0 /* beer.usdz in Resources */,
				1378CBA22AF5738D009C1044 /* intro-bg.mp4 in Resources */,
				13BA764F2B22B5FD002FFCF0 /* pizza.usdz in Resources */,
				13BA76452B21D85D002FFCF0 /* gramsay.mp4 in Resources */,
			);
			runOnlyForDeploymentPostprocessing = 0;
		};
/* End PBXResourcesBuildPhase section */

/* Begin PBXSourcesBuildPhase section */
		1378CB7A2AF56E24009C1044 /* Sources */ = {
			isa = PBXSourcesBuildPhase;
			buildActionMask = 2147483647;
			files = (
				1378CBA02AF572CE009C1044 /* BGVideo.swift in Sources */,
				1378CB882AF56E24009C1044 /* ContentView.swift in Sources */,
				1378CBB32AF57689009C1044 /* OvenTimer.swift in Sources */,
				1378CBAB2AF57589009C1044 /* CategoryRecipes.swift in Sources */,
				1378CBA82AF57535009C1044 /* Intro.swift in Sources */,
				13BA76342B21A01A002FFCF0 /* Tutorials.swift in Sources */,
				1378CB862AF56E24009C1044 /* Culinary_CompanionApp.swift in Sources */,
				13BA763E2B21C873002FFCF0 /* ChefView.swift in Sources */,
				1378CBA52AF574AF009C1044 /* ContentViewBackup.swift in Sources */,
				1378CB8A2AF56E24009C1044 /* ImmersiveView.swift in Sources */,
				1378CBAF2AF575CF009C1044 /* RecipeIngredients.swift in Sources */,
				1378CBAD2AF575AB009C1044 /* Recipe.swift in Sources */,
				13BA76432B21D54C002FFCF0 /* RamsayVideo.swift in Sources */,
				13BA763C2B21C498002FFCF0 /* RecipesMainView.swift in Sources */,
				13BA76372B21A169002FFCF0 /* Community.swift in Sources */,
				1378CBB12AF57605009C1044 /* RecipeSteps.swift in Sources */,
			);
			runOnlyForDeploymentPostprocessing = 0;
		};
/* End PBXSourcesBuildPhase section */

/* Begin XCBuildConfiguration section */
		1378CB912AF56E25009C1044 /* Debug */ = {
			isa = XCBuildConfiguration;
			buildSettings = {
				ALWAYS_SEARCH_USER_PATHS = NO;
				ASSETCATALOG_COMPILER_GENERATE_SWIFT_ASSET_SYMBOL_EXTENSIONS = YES;
				CLANG_ANALYZER_NONNULL = YES;
				CLANG_ANALYZER_NUMBER_OBJECT_CONVERSION = YES_AGGRESSIVE;
				CLANG_CXX_LANGUAGE_STANDARD = "gnu++20";
				CLANG_ENABLE_MODULES = YES;
				CLANG_ENABLE_OBJC_ARC = YES;
				CLANG_ENABLE_OBJC_WEAK = YES;
				CLANG_WARN_BLOCK_CAPTURE_AUTORELEASING = YES;
				CLANG_WARN_BOOL_CONVERSION = YES;
				CLANG_WARN_COMMA = YES;
				CLANG_WARN_CONSTANT_CONVERSION = YES;
				CLANG_WARN_DEPRECATED_OBJC_IMPLEMENTATIONS = YES;
				CLANG_WARN_DIRECT_OBJC_ISA_USAGE = YES_ERROR;
				CLANG_WARN_DOCUMENTATION_COMMENTS = YES;
				CLANG_WARN_EMPTY_BODY = YES;
				CLANG_WARN_ENUM_CONVERSION = YES;
				CLANG_WARN_INFINITE_RECURSION = YES;
				CLANG_WARN_INT_CONVERSION = YES;
				CLANG_WARN_NON_LITERAL_NULL_CONVERSION = YES;
				CLANG_WARN_OBJC_IMPLICIT_RETAIN_SELF = YES;
				CLANG_WARN_OBJC_LITERAL_CONVERSION = YES;
				CLANG_WARN_OBJC_ROOT_CLASS = YES_ERROR;
				CLANG_WARN_QUOTED_INCLUDE_IN_FRAMEWORK_HEADER = YES;
				CLANG_WARN_RANGE_LOOP_ANALYSIS = YES;
				CLANG_WARN_STRICT_PROTOTYPES = YES;
				CLANG_WARN_SUSPICIOUS_MOVE = YES;
				CLANG_WARN_UNGUARDED_AVAILABILITY = YES_AGGRESSIVE;
				CLANG_WARN_UNREACHABLE_CODE = YES;
				CLANG_WARN__DUPLICATE_METHOD_MATCH = YES;
				COPY_PHASE_STRIP = NO;
				DEBUG_INFORMATION_FORMAT = dwarf;
				ENABLE_STRICT_OBJC_MSGSEND = YES;
				ENABLE_TESTABILITY = YES;
				ENABLE_USER_SCRIPT_SANDBOXING = YES;
				GCC_C_LANGUAGE_STANDARD = gnu17;
				GCC_DYNAMIC_NO_PIC = NO;
				GCC_NO_COMMON_BLOCKS = YES;
				GCC_OPTIMIZATION_LEVEL = 0;
				GCC_PREPROCESSOR_DEFINITIONS = (
					"DEBUG=1",
					"$(inherited)",
				);
				GCC_WARN_64_TO_32_BIT_CONVERSION = YES;
				GCC_WARN_ABOUT_RETURN_TYPE = YES_ERROR;
				GCC_WARN_UNDECLARED_SELECTOR = YES;
				GCC_WARN_UNINITIALIZED_AUTOS = YES_AGGRESSIVE;
				GCC_WARN_UNUSED_FUNCTION = YES;
				GCC_WARN_UNUSED_VARIABLE = YES;
				LOCALIZATION_PREFERS_STRING_CATALOGS = YES;
				MTL_ENABLE_DEBUG_INFO = INCLUDE_SOURCE;
				MTL_FAST_MATH = YES;
				ONLY_ACTIVE_ARCH = YES;
				SDKROOT = xros;
				SWIFT_ACTIVE_COMPILATION_CONDITIONS = "DEBUG $(inherited)";
				SWIFT_OPTIMIZATION_LEVEL = "-Onone";
				XROS_DEPLOYMENT_TARGET = 1.0;
			};
			name = Debug;
		};
		1378CB922AF56E25009C1044 /* Release */ = {
			isa = XCBuildConfiguration;
			buildSettings = {
				ALWAYS_SEARCH_USER_PATHS = NO;
				ASSETCATALOG_COMPILER_GENERATE_SWIFT_ASSET_SYMBOL_EXTENSIONS = YES;
				CLANG_ANALYZER_NONNULL = YES;
				CLANG_ANALYZER_NUMBER_OBJECT_CONVERSION = YES_AGGRESSIVE;
				CLANG_CXX_LANGUAGE_STANDARD = "gnu++20";
				CLANG_ENABLE_MODULES = YES;
				CLANG_ENABLE_OBJC_ARC = YES;
				CLANG_ENABLE_OBJC_WEAK = YES;
				CLANG_WARN_BLOCK_CAPTURE_AUTORELEASING = YES;
				CLANG_WARN_BOOL_CONVERSION = YES;
				CLANG_WARN_COMMA = YES;
				CLANG_WARN_CONSTANT_CONVERSION = YES;
				CLANG_WARN_DEPRECATED_OBJC_IMPLEMENTATIONS = YES;
				CLANG_WARN_DIRECT_OBJC_ISA_USAGE = YES_ERROR;
				CLANG_WARN_DOCUMENTATION_COMMENTS = YES;
				CLANG_WARN_EMPTY_BODY = YES;
				CLANG_WARN_ENUM_CONVERSION = YES;
				CLANG_WARN_INFINITE_RECURSION = YES;
				CLANG_WARN_INT_CONVERSION = YES;
				CLANG_WARN_NON_LITERAL_NULL_CONVERSION = YES;
				CLANG_WARN_OBJC_IMPLICIT_RETAIN_SELF = YES;
				CLANG_WARN_OBJC_LITERAL_CONVERSION = YES;
				CLANG_WARN_OBJC_ROOT_CLASS = YES_ERROR;
				CLANG_WARN_QUOTED_INCLUDE_IN_FRAMEWORK_HEADER = YES;
				CLANG_WARN_RANGE_LOOP_ANALYSIS = YES;
				CLANG_WARN_STRICT_PROTOTYPES = YES;
				CLANG_WARN_SUSPICIOUS_MOVE = YES;
				CLANG_WARN_UNGUARDED_AVAILABILITY = YES_AGGRESSIVE;
				CLANG_WARN_UNREACHABLE_CODE = YES;
				CLANG_WARN__DUPLICATE_METHOD_MATCH = YES;
				COPY_PHASE_STRIP = NO;
				DEBUG_INFORMATION_FORMAT = "dwarf-with-dsym";
				ENABLE_NS_ASSERTIONS = NO;
				ENABLE_STRICT_OBJC_MSGSEND = YES;
				ENABLE_USER_SCRIPT_SANDBOXING = YES;
				GCC_C_LANGUAGE_STANDARD = gnu17;
				GCC_NO_COMMON_BLOCKS = YES;
				GCC_WARN_64_TO_32_BIT_CONVERSION = YES;
				GCC_WARN_ABOUT_RETURN_TYPE = YES_ERROR;
				GCC_WARN_UNDECLARED_SELECTOR = YES;
				GCC_WARN_UNINITIALIZED_AUTOS = YES_AGGRESSIVE;
				GCC_WARN_UNUSED_FUNCTION = YES;
				GCC_WARN_UNUSED_VARIABLE = YES;
				LOCALIZATION_PREFERS_STRING_CATALOGS = YES;
				MTL_ENABLE_DEBUG_INFO = NO;
				MTL_FAST_MATH = YES;
				SDKROOT = xros;
				SWIFT_COMPILATION_MODE = wholemodule;
				VALIDATE_PRODUCT = YES;
				XROS_DEPLOYMENT_TARGET = 1.0;
			};
			name = Release;
		};
		1378CB942AF56E25009C1044 /* Debug */ = {
			isa = XCBuildConfiguration;
			buildSettings = {
				ASSETCATALOG_COMPILER_APPICON_NAME = AppIcon;
				ASSETCATALOG_COMPILER_GLOBAL_ACCENT_COLOR_NAME = AccentColor;
				CODE_SIGN_STYLE = Automatic;
				CURRENT_PROJECT_VERSION = 1;
				DEVELOPMENT_ASSET_PATHS = "\"Culinary Companion/Preview Content\"";
				DEVELOPMENT_TEAM = E99EFNCF8Y;
				ENABLE_PREVIEWS = YES;
				GENERATE_INFOPLIST_FILE = YES;
				INFOPLIST_FILE = "$(TARGET_NAME)/Info.plist";
				LD_RUNPATH_SEARCH_PATHS = (
					"$(inherited)",
					"@executable_path/Frameworks",
				);
				MARKETING_VERSION = 1.0;
				PRODUCT_BUNDLE_IDENTIFIER = "com.gcuesta.Culinary-Companion";
				PRODUCT_NAME = "$(TARGET_NAME)";
				SUPPORTED_PLATFORMS = "xros xrsimulator";
				SWIFT_EMIT_LOC_STRINGS = YES;
				SWIFT_VERSION = 5.0;
				TARGETED_DEVICE_FAMILY = "1,2,7";
			};
			name = Debug;
		};
		1378CB952AF56E25009C1044 /* Release */ = {
			isa = XCBuildConfiguration;
			buildSettings = {
				ASSETCATALOG_COMPILER_APPICON_NAME = AppIcon;
				ASSETCATALOG_COMPILER_GLOBAL_ACCENT_COLOR_NAME = AccentColor;
				CODE_SIGN_STYLE = Automatic;
				CURRENT_PROJECT_VERSION = 1;
				DEVELOPMENT_ASSET_PATHS = "\"Culinary Companion/Preview Content\"";
				DEVELOPMENT_TEAM = E99EFNCF8Y;
				ENABLE_PREVIEWS = YES;
				GENERATE_INFOPLIST_FILE = YES;
				INFOPLIST_FILE = "$(TARGET_NAME)/Info.plist";
				LD_RUNPATH_SEARCH_PATHS = (
					"$(inherited)",
					"@executable_path/Frameworks",
				);
				MARKETING_VERSION = 1.0;
				PRODUCT_BUNDLE_IDENTIFIER = "com.gcuesta.Culinary-Companion";
				PRODUCT_NAME = "$(TARGET_NAME)";
				SUPPORTED_PLATFORMS = "xros xrsimulator";
				SWIFT_EMIT_LOC_STRINGS = YES;
				SWIFT_VERSION = 5.0;
				TARGETED_DEVICE_FAMILY = "1,2,7";
			};
			name = Release;
		};
/* End XCBuildConfiguration section */

/* Begin XCConfigurationList section */
		1378CB792AF56E24009C1044 /* Build configuration list for PBXProject "Culinary Companion" */ = {
			isa = XCConfigurationList;
			buildConfigurations = (
				1378CB912AF56E25009C1044 /* Debug */,
				1378CB922AF56E25009C1044 /* Release */,
			);
			defaultConfigurationIsVisible = 0;
			defaultConfigurationName = Release;
		};
		1378CB932AF56E25009C1044 /* Build configuration list for PBXNativeTarget "Culinary Companion" */ = {
			isa = XCConfigurationList;
			buildConfigurations = (
				1378CB942AF56E25009C1044 /* Debug */,
				1378CB952AF56E25009C1044 /* Release */,
			);
			defaultConfigurationIsVisible = 0;
			defaultConfigurationName = Release;
		};
/* End XCConfigurationList section */

/* Begin XCSwiftPackageProductDependency section */
		1378CB832AF56E24009C1044 /* RealityKitContent */ = {
			isa = XCSwiftPackageProductDependency;
			productName = RealityKitContent;
		};
/* End XCSwiftPackageProductDependency section */
	};
	rootObject = 1378CB762AF56E24009C1044 /* Project object */;
}
